{
  "object": {
    "pins": [
      {
        "package": "Alamofire",
        "repositoryURL": "https://github.com/Alamofire/Alamofire.git",
        "state": {
          "branch": null,
          "revision": "eaf6e622dd41b07b251d8f01752eab31bc811493",
          "version": "5.4.1"
        }
      },
      {
        "package": "AppAuth",
        "repositoryURL": "https://github.com/openid/AppAuth-iOS.git",
        "state": {
          "branch": "master",
          "revision": "e191b1beadf3041259652e6e464eaceff16e5fbb",
          "version": null
        }
      },
      {
        "package": "Data4LifeFHIR",
        "repositoryURL": "git@github.com:d4l-data4life/d4l-fhir-ios.git",
        "state": {
          "branch": "feature/update-public-types",
          "revision": "aa7e4ed18b8cb4614df99351446f3efe85559e4d",
          "version": null
        }
      },
      {
        "package": "Data4LifeSDKUtils",
        "repositoryURL": "git@github.com:d4l-data4life/d4l-utils-ios.git",
        "state": {
          "branch": null,
          "revision": "d6b031cb237ddb424f66a3b197121afa23fb67c2",
          "version": "0.5.0"
        }
      },
      {
        "package": "Then",
        "repositoryURL": "https://github.com/freshOS/Then",
        "state": {
          "branch": null,
          "revision": "32c1a928650fafbd083a9ea2daa952ea1695f755",
          "version": "5.1.2"
        }
      }
    ]
  },
  "version": 1
}
